// !$*UTF8*$!
{
	archiveVersion = 1;
	classes = {
	};
	objectVersion = 46;
	objects = {

/* Begin PBXBuildFile section */
		25079A3F1DE7BC310015CD83 /* HomeViewController.swift in Sources */ = {isa = PBXBuildFile; fileRef = 25079A3E1DE7BC310015CD83 /* HomeViewController.swift */; };
		25079A421DE7BD490015CD83 /* CollapsibleTableViewHeader.swift in Sources */ = {isa = PBXBuildFile; fileRef = 25079A401DE7BD490015CD83 /* CollapsibleTableViewHeader.swift */; };
		25079A431DE7BD490015CD83 /* Extensions.swift in Sources */ = {isa = PBXBuildFile; fileRef = 25079A411DE7BD490015CD83 /* Extensions.swift */; };
		251A64A61DB91ECC0083427F /* Crashlytics.framework in Frameworks */ = {isa = PBXBuildFile; fileRef = 251A64A51DB91ECC0083427F /* Crashlytics.framework */; };
		252E197B1E0B03AD00FA2277 /* Podfile in Resources */ = {isa = PBXBuildFile; fileRef = 252E197A1E0B03AD00FA2277 /* Podfile */; };
		2554DBBC1DB7E645006C89B8 /* SwiftyJSON.swift in Sources */ = {isa = PBXBuildFile; fileRef = 2554DBBB1DB7E645006C89B8 /* SwiftyJSON.swift */; };
		258161D51E01C6AC00E3078E /* TareasViewController.swift in Sources */ = {isa = PBXBuildFile; fileRef = 258161D41E01C6AC00E3078E /* TareasViewController.swift */; };
		258161D71E01D01C00E3078E /* TareasCollectionViewCell.swift in Sources */ = {isa = PBXBuildFile; fileRef = 258161D61E01D01C00E3078E /* TareasCollectionViewCell.swift */; };
		258CADD11DB83120000A4392 /* canarioGPS.gpx in Resources */ = {isa = PBXBuildFile; fileRef = 258CADD01DB83120000A4392 /* canarioGPS.gpx */; };
		258F50C01DAFFE9000236CBE /* DireccionViewController.swift in Sources */ = {isa = PBXBuildFile; fileRef = 258F50BF1DAFFE9000236CBE /* DireccionViewController.swift */; };
		258F50C21DB035B700236CBE /* ReportarViewController.swift in Sources */ = {isa = PBXBuildFile; fileRef = 258F50C11DB035B700236CBE /* ReportarViewController.swift */; };
		258F50C41DB039A000236CBE /* CheckBox.swift in Sources */ = {isa = PBXBuildFile; fileRef = 258F50C31DB039A000236CBE /* CheckBox.swift */; };
		259C1D451E03529C003067A6 /* VehiculoDetallesViewController.swift in Sources */ = {isa = PBXBuildFile; fileRef = 259C1D441E03529C003067A6 /* VehiculoDetallesViewController.swift */; };
		259E30A31DDB7AC10091557A /* TwitterTableViewCell.swift in Sources */ = {isa = PBXBuildFile; fileRef = 259E30A21DDB7AC10091557A /* TwitterTableViewCell.swift */; };
		259E30A61DDB8B3C0091557A /* AlertasTableViewCell.swift in Sources */ = {isa = PBXBuildFile; fileRef = 259E30A51DDB8B3C0091557A /* AlertasTableViewCell.swift */; };
		25A174CA1DB9196D00E34A50 /* Fabric.framework in Frameworks */ = {isa = PBXBuildFile; fileRef = 25A174C61DB9196D00E34A50 /* Fabric.framework */; };
		25A174CB1DB9196D00E34A50 /* TwitterKit.framework in Frameworks */ = {isa = PBXBuildFile; fileRef = 25A174C71DB9196D00E34A50 /* TwitterKit.framework */; };
		25A174CC1DB9196D00E34A50 /* TwitterKitResources.bundle in Resources */ = {isa = PBXBuildFile; fileRef = 25A174C81DB9196D00E34A50 /* TwitterKitResources.bundle */; };
		25A174CD1DB9196D00E34A50 /* TwitterCore.framework in Frameworks */ = {isa = PBXBuildFile; fileRef = 25A174C91DB9196D00E34A50 /* TwitterCore.framework */; };
		25AF1C781DB1AA79008E3D46 /* HorasYahooCollectionViewCell.swift in Sources */ = {isa = PBXBuildFile; fileRef = 25AF1C771DB1AA79008E3D46 /* HorasYahooCollectionViewCell.swift */; };
		25AF1C7A1DB1AA88008E3D46 /* DiasYahooCollectionViewCell.swift in Sources */ = {isa = PBXBuildFile; fileRef = 25AF1C791DB1AA88008E3D46 /* DiasYahooCollectionViewCell.swift */; };
		25C185F51DAEF12F002E94F7 /* Chivo-Black.otf in Resources */ = {isa = PBXBuildFile; fileRef = 25C185ED1DAEF109002E94F7 /* Chivo-Black.otf */; };
		25C185F61DAEF12F002E94F7 /* Chivo-BlackItalic.otf in Resources */ = {isa = PBXBuildFile; fileRef = 25C185EE1DAEF109002E94F7 /* Chivo-BlackItalic.otf */; };
		25C185F71DAEF12F002E94F7 /* Chivo-Bold.otf in Resources */ = {isa = PBXBuildFile; fileRef = 25C185EF1DAEF109002E94F7 /* Chivo-Bold.otf */; };
		25C185F81DAEF12F002E94F7 /* Chivo-BoldItalic.otf in Resources */ = {isa = PBXBuildFile; fileRef = 25C185F01DAEF109002E94F7 /* Chivo-BoldItalic.otf */; };
		25C185F91DAEF12F002E94F7 /* Chivo-Italic.otf in Resources */ = {isa = PBXBuildFile; fileRef = 25C185F11DAEF109002E94F7 /* Chivo-Italic.otf */; };
		25C185FA1DAEF12F002E94F7 /* Chivo-Light.otf in Resources */ = {isa = PBXBuildFile; fileRef = 25C185F21DAEF109002E94F7 /* Chivo-Light.otf */; };
		25C185FB1DAEF12F002E94F7 /* Chivo-LightItalic.otf in Resources */ = {isa = PBXBuildFile; fileRef = 25C185F31DAEF109002E94F7 /* Chivo-LightItalic.otf */; };
		25C185FC1DAEF12F002E94F7 /* Chivo-Regular.ttf in Resources */ = {isa = PBXBuildFile; fileRef = 25C185F41DAEF109002E94F7 /* Chivo-Regular.ttf */; };
		25C185FE1DAEF944002E94F7 /* TwitterViewController.swift in Sources */ = {isa = PBXBuildFile; fileRef = 25C185FD1DAEF944002E94F7 /* TwitterViewController.swift */; };
		25C186001DAEF954002E94F7 /* AlertasViewController.swift in Sources */ = {isa = PBXBuildFile; fileRef = 25C185FF1DAEF954002E94F7 /* AlertasViewController.swift */; };
		25C186021DAEF96C002E94F7 /* ConfiguracionViewController.swift in Sources */ = {isa = PBXBuildFile; fileRef = 25C186011DAEF96C002E94F7 /* ConfiguracionViewController.swift */; };
		25CD00B21E00BC3C0099D2A9 /* PerfilViewController.swift in Sources */ = {isa = PBXBuildFile; fileRef = 25CD00B11E00BC3C0099D2A9 /* PerfilViewController.swift */; };
		25F4DF4B1DAE9A89004C5201 /* AppDelegate.swift in Sources */ = {isa = PBXBuildFile; fileRef = 25F4DF4A1DAE9A89004C5201 /* AppDelegate.swift */; };
		25F4DF4D1DAE9A89004C5201 /* MapaViewController.swift in Sources */ = {isa = PBXBuildFile; fileRef = 25F4DF4C1DAE9A89004C5201 /* MapaViewController.swift */; };
		25F4DF501DAE9A89004C5201 /* Main.storyboard in Resources */ = {isa = PBXBuildFile; fileRef = 25F4DF4E1DAE9A89004C5201 /* Main.storyboard */; };
		25F4DF521DAE9A89004C5201 /* Assets.xcassets in Resources */ = {isa = PBXBuildFile; fileRef = 25F4DF511DAE9A89004C5201 /* Assets.xcassets */; };
		25F4DF551DAE9A89004C5201 /* LaunchScreen.storyboard in Resources */ = {isa = PBXBuildFile; fileRef = 25F4DF531DAE9A89004C5201 /* LaunchScreen.storyboard */; };
		25F4DF601DAE9A89004C5201 /* MuvesTests.swift in Sources */ = {isa = PBXBuildFile; fileRef = 25F4DF5F1DAE9A89004C5201 /* MuvesTests.swift */; };
		25F4DF6B1DAE9A89004C5201 /* MuvesUITests.swift in Sources */ = {isa = PBXBuildFile; fileRef = 25F4DF6A1DAE9A89004C5201 /* MuvesUITests.swift */; };
		25F4DF791DAEA7D0004C5201 /* ClimaViewController.swift in Sources */ = {isa = PBXBuildFile; fileRef = 25F4DF781DAEA7D0004C5201 /* ClimaViewController.swift */; };
		25F4DF7B1DAEA7DD004C5201 /* CalidadViewController.swift in Sources */ = {isa = PBXBuildFile; fileRef = 25F4DF7A1DAEA7DD004C5201 /* CalidadViewController.swift */; };
		8878C206325957DD79D7C53E /* Pods_Muves.framework in Frameworks */ = {isa = PBXBuildFile; fileRef = D3C6F71D50A19992DD2B0200 /* Pods_Muves.framework */; };
/* End PBXBuildFile section */

/* Begin PBXContainerItemProxy section */
		25F4DF5C1DAE9A89004C5201 /* PBXContainerItemProxy */ = {
			isa = PBXContainerItemProxy;
			containerPortal = 25F4DF3F1DAE9A88004C5201 /* Project object */;
			proxyType = 1;
			remoteGlobalIDString = 25F4DF461DAE9A88004C5201;
			remoteInfo = Muves;
		};
		25F4DF671DAE9A89004C5201 /* PBXContainerItemProxy */ = {
			isa = PBXContainerItemProxy;
			containerPortal = 25F4DF3F1DAE9A88004C5201 /* Project object */;
			proxyType = 1;
			remoteGlobalIDString = 25F4DF461DAE9A88004C5201;
			remoteInfo = Muves;
		};
/* End PBXContainerItemProxy section */

/* Begin PBXFileReference section */
		25079A3E1DE7BC310015CD83 /* HomeViewController.swift */ = {isa = PBXFileReference; fileEncoding = 4; lastKnownFileType = sourcecode.swift; path = HomeViewController.swift; sourceTree = "<group>"; };
		25079A401DE7BD490015CD83 /* CollapsibleTableViewHeader.swift */ = {isa = PBXFileReference; fileEncoding = 4; lastKnownFileType = sourcecode.swift; path = CollapsibleTableViewHeader.swift; sourceTree = "<group>"; };
		25079A411DE7BD490015CD83 /* Extensions.swift */ = {isa = PBXFileReference; fileEncoding = 4; lastKnownFileType = sourcecode.swift; path = Extensions.swift; sourceTree = "<group>"; };
		251A64A51DB91ECC0083427F /* Crashlytics.framework */ = {isa = PBXFileReference; lastKnownFileType = wrapper.framework; path = Crashlytics.framework; sourceTree = SOURCE_ROOT; };
		252E197A1E0B03AD00FA2277 /* Podfile */ = {isa = PBXFileReference; fileEncoding = 4; lastKnownFileType = text; path = Podfile; sourceTree = "<group>"; };
		2554DBBB1DB7E645006C89B8 /* SwiftyJSON.swift */ = {isa = PBXFileReference; fileEncoding = 4; lastKnownFileType = sourcecode.swift; path = SwiftyJSON.swift; sourceTree = "<group>"; };
		258161D41E01C6AC00E3078E /* TareasViewController.swift */ = {isa = PBXFileReference; fileEncoding = 4; lastKnownFileType = sourcecode.swift; path = TareasViewController.swift; sourceTree = "<group>"; };
		258161D61E01D01C00E3078E /* TareasCollectionViewCell.swift */ = {isa = PBXFileReference; fileEncoding = 4; lastKnownFileType = sourcecode.swift; path = TareasCollectionViewCell.swift; sourceTree = "<group>"; };
		258CADD01DB83120000A4392 /* canarioGPS.gpx */ = {isa = PBXFileReference; fileEncoding = 4; lastKnownFileType = text.xml; path = canarioGPS.gpx; sourceTree = "<group>"; };
		258F50BF1DAFFE9000236CBE /* DireccionViewController.swift */ = {isa = PBXFileReference; fileEncoding = 4; lastKnownFileType = sourcecode.swift; path = DireccionViewController.swift; sourceTree = "<group>"; };
		258F50C11DB035B700236CBE /* ReportarViewController.swift */ = {isa = PBXFileReference; fileEncoding = 4; lastKnownFileType = sourcecode.swift; path = ReportarViewController.swift; sourceTree = "<group>"; };
		258F50C31DB039A000236CBE /* CheckBox.swift */ = {isa = PBXFileReference; fileEncoding = 4; lastKnownFileType = sourcecode.swift; path = CheckBox.swift; sourceTree = "<group>"; };
		259C1D441E03529C003067A6 /* VehiculoDetallesViewController.swift */ = {isa = PBXFileReference; fileEncoding = 4; lastKnownFileType = sourcecode.swift; path = VehiculoDetallesViewController.swift; sourceTree = "<group>"; };
		259E30A21DDB7AC10091557A /* TwitterTableViewCell.swift */ = {isa = PBXFileReference; fileEncoding = 4; lastKnownFileType = sourcecode.swift; path = TwitterTableViewCell.swift; sourceTree = "<group>"; };
		259E30A51DDB8B3C0091557A /* AlertasTableViewCell.swift */ = {isa = PBXFileReference; fileEncoding = 4; lastKnownFileType = sourcecode.swift; path = AlertasTableViewCell.swift; sourceTree = "<group>"; };
		25A174C61DB9196D00E34A50 /* Fabric.framework */ = {isa = PBXFileReference; lastKnownFileType = wrapper.framework; path = Fabric.framework; sourceTree = SOURCE_ROOT; };
		25A174C71DB9196D00E34A50 /* TwitterKit.framework */ = {isa = PBXFileReference; lastKnownFileType = wrapper.framework; path = TwitterKit.framework; sourceTree = SOURCE_ROOT; };
		25A174C81DB9196D00E34A50 /* TwitterKitResources.bundle */ = {isa = PBXFileReference; lastKnownFileType = "wrapper.plug-in"; name = TwitterKitResources.bundle; path = TwitterKit.framework/Versions/A/Resources/TwitterKitResources.bundle; sourceTree = SOURCE_ROOT; };
		25A174C91DB9196D00E34A50 /* TwitterCore.framework */ = {isa = PBXFileReference; lastKnownFileType = wrapper.framework; path = TwitterCore.framework; sourceTree = SOURCE_ROOT; };
		25AF1C771DB1AA79008E3D46 /* HorasYahooCollectionViewCell.swift */ = {isa = PBXFileReference; fileEncoding = 4; lastKnownFileType = sourcecode.swift; path = HorasYahooCollectionViewCell.swift; sourceTree = "<group>"; };
		25AF1C791DB1AA88008E3D46 /* DiasYahooCollectionViewCell.swift */ = {isa = PBXFileReference; fileEncoding = 4; lastKnownFileType = sourcecode.swift; path = DiasYahooCollectionViewCell.swift; sourceTree = "<group>"; };
		25C185ED1DAEF109002E94F7 /* Chivo-Black.otf */ = {isa = PBXFileReference; lastKnownFileType = file; path = "Chivo-Black.otf"; sourceTree = "<group>"; };
		25C185EE1DAEF109002E94F7 /* Chivo-BlackItalic.otf */ = {isa = PBXFileReference; lastKnownFileType = file; path = "Chivo-BlackItalic.otf"; sourceTree = "<group>"; };
		25C185EF1DAEF109002E94F7 /* Chivo-Bold.otf */ = {isa = PBXFileReference; lastKnownFileType = file; path = "Chivo-Bold.otf"; sourceTree = "<group>"; };
		25C185F01DAEF109002E94F7 /* Chivo-BoldItalic.otf */ = {isa = PBXFileReference; lastKnownFileType = file; path = "Chivo-BoldItalic.otf"; sourceTree = "<group>"; };
		25C185F11DAEF109002E94F7 /* Chivo-Italic.otf */ = {isa = PBXFileReference; lastKnownFileType = file; path = "Chivo-Italic.otf"; sourceTree = "<group>"; };
		25C185F21DAEF109002E94F7 /* Chivo-Light.otf */ = {isa = PBXFileReference; lastKnownFileType = file; path = "Chivo-Light.otf"; sourceTree = "<group>"; };
		25C185F31DAEF109002E94F7 /* Chivo-LightItalic.otf */ = {isa = PBXFileReference; lastKnownFileType = file; path = "Chivo-LightItalic.otf"; sourceTree = "<group>"; };
		25C185F41DAEF109002E94F7 /* Chivo-Regular.ttf */ = {isa = PBXFileReference; lastKnownFileType = file; path = "Chivo-Regular.ttf"; sourceTree = "<group>"; };
		25C185FD1DAEF944002E94F7 /* TwitterViewController.swift */ = {isa = PBXFileReference; fileEncoding = 4; lastKnownFileType = sourcecode.swift; path = TwitterViewController.swift; sourceTree = "<group>"; };
		25C185FF1DAEF954002E94F7 /* AlertasViewController.swift */ = {isa = PBXFileReference; fileEncoding = 4; lastKnownFileType = sourcecode.swift; path = AlertasViewController.swift; sourceTree = "<group>"; };
		25C186011DAEF96C002E94F7 /* ConfiguracionViewController.swift */ = {isa = PBXFileReference; fileEncoding = 4; lastKnownFileType = sourcecode.swift; path = ConfiguracionViewController.swift; sourceTree = "<group>"; };
		25CD00B11E00BC3C0099D2A9 /* PerfilViewController.swift */ = {isa = PBXFileReference; fileEncoding = 4; lastKnownFileType = sourcecode.swift; path = PerfilViewController.swift; sourceTree = "<group>"; };
		25F4DF471DAE9A89004C5201 /* Muves.app */ = {isa = PBXFileReference; explicitFileType = wrapper.application; includeInIndex = 0; path = Muves.app; sourceTree = BUILT_PRODUCTS_DIR; };
		25F4DF4A1DAE9A89004C5201 /* AppDelegate.swift */ = {isa = PBXFileReference; lastKnownFileType = sourcecode.swift; path = AppDelegate.swift; sourceTree = "<group>"; };
		25F4DF4C1DAE9A89004C5201 /* MapaViewController.swift */ = {isa = PBXFileReference; lastKnownFileType = sourcecode.swift; path = MapaViewController.swift; sourceTree = "<group>"; };
		25F4DF4F1DAE9A89004C5201 /* Base */ = {isa = PBXFileReference; lastKnownFileType = file.storyboard; name = Base; path = Base.lproj/Main.storyboard; sourceTree = "<group>"; };
		25F4DF511DAE9A89004C5201 /* Assets.xcassets */ = {isa = PBXFileReference; lastKnownFileType = folder.assetcatalog; path = Assets.xcassets; sourceTree = "<group>"; };
		25F4DF541DAE9A89004C5201 /* Base */ = {isa = PBXFileReference; lastKnownFileType = file.storyboard; name = Base; path = Base.lproj/LaunchScreen.storyboard; sourceTree = "<group>"; };
		25F4DF561DAE9A89004C5201 /* Info.plist */ = {isa = PBXFileReference; lastKnownFileType = text.plist.xml; path = Info.plist; sourceTree = "<group>"; };
		25F4DF5B1DAE9A89004C5201 /* MuvesTests.xctest */ = {isa = PBXFileReference; explicitFileType = wrapper.cfbundle; includeInIndex = 0; path = MuvesTests.xctest; sourceTree = BUILT_PRODUCTS_DIR; };
		25F4DF5F1DAE9A89004C5201 /* MuvesTests.swift */ = {isa = PBXFileReference; lastKnownFileType = sourcecode.swift; path = MuvesTests.swift; sourceTree = "<group>"; };
		25F4DF611DAE9A89004C5201 /* Info.plist */ = {isa = PBXFileReference; lastKnownFileType = text.plist.xml; path = Info.plist; sourceTree = "<group>"; };
		25F4DF661DAE9A89004C5201 /* MuvesUITests.xctest */ = {isa = PBXFileReference; explicitFileType = wrapper.cfbundle; includeInIndex = 0; path = MuvesUITests.xctest; sourceTree = BUILT_PRODUCTS_DIR; };
		25F4DF6A1DAE9A89004C5201 /* MuvesUITests.swift */ = {isa = PBXFileReference; lastKnownFileType = sourcecode.swift; path = MuvesUITests.swift; sourceTree = "<group>"; };
		25F4DF6C1DAE9A89004C5201 /* Info.plist */ = {isa = PBXFileReference; lastKnownFileType = text.plist.xml; path = Info.plist; sourceTree = "<group>"; };
		25F4DF781DAEA7D0004C5201 /* ClimaViewController.swift */ = {isa = PBXFileReference; fileEncoding = 4; lastKnownFileType = sourcecode.swift; path = ClimaViewController.swift; sourceTree = "<group>"; };
		25F4DF7A1DAEA7DD004C5201 /* CalidadViewController.swift */ = {isa = PBXFileReference; fileEncoding = 4; lastKnownFileType = sourcecode.swift; path = CalidadViewController.swift; sourceTree = "<group>"; };
		A252DD3027FBA135E676EAD1 /* Pods-Muves.release.xcconfig */ = {isa = PBXFileReference; includeInIndex = 1; lastKnownFileType = text.xcconfig; name = "Pods-Muves.release.xcconfig"; path = "Pods/Target Support Files/Pods-Muves/Pods-Muves.release.xcconfig"; sourceTree = "<group>"; };
		AEBB549308F16B8015319A7B /* Pods-Muves.debug.xcconfig */ = {isa = PBXFileReference; includeInIndex = 1; lastKnownFileType = text.xcconfig; name = "Pods-Muves.debug.xcconfig"; path = "Pods/Target Support Files/Pods-Muves/Pods-Muves.debug.xcconfig"; sourceTree = "<group>"; };
		D3C6F71D50A19992DD2B0200 /* Pods_Muves.framework */ = {isa = PBXFileReference; explicitFileType = wrapper.framework; includeInIndex = 0; path = Pods_Muves.framework; sourceTree = BUILT_PRODUCTS_DIR; };
/* End PBXFileReference section */

/* Begin PBXFrameworksBuildPhase section */
		25F4DF441DAE9A88004C5201 /* Frameworks */ = {
			isa = PBXFrameworksBuildPhase;
			buildActionMask = 2147483647;
			files = (
				25A174CA1DB9196D00E34A50 /* Fabric.framework in Frameworks */,
				25A174CD1DB9196D00E34A50 /* TwitterCore.framework in Frameworks */,
				251A64A61DB91ECC0083427F /* Crashlytics.framework in Frameworks */,
				25A174CB1DB9196D00E34A50 /* TwitterKit.framework in Frameworks */,
				8878C206325957DD79D7C53E /* Pods_Muves.framework in Frameworks */,
			);
			runOnlyForDeploymentPostprocessing = 0;
		};
		25F4DF581DAE9A89004C5201 /* Frameworks */ = {
			isa = PBXFrameworksBuildPhase;
			buildActionMask = 2147483647;
			files = (
			);
			runOnlyForDeploymentPostprocessing = 0;
		};
		25F4DF631DAE9A89004C5201 /* Frameworks */ = {
			isa = PBXFrameworksBuildPhase;
			buildActionMask = 2147483647;
			files = (
			);
			runOnlyForDeploymentPostprocessing = 0;
		};
/* End PBXFrameworksBuildPhase section */

/* Begin PBXGroup section */
		094076056AFB2851E78FF38D /* Frameworks */ = {
			isa = PBXGroup;
			children = (
				D3C6F71D50A19992DD2B0200 /* Pods_Muves.framework */,
			);
			name = Frameworks;
			sourceTree = "<group>";
		};
		25CD00B31E00BC430099D2A9 /* Privada */ = {
			isa = PBXGroup;
			children = (
				25079A3E1DE7BC310015CD83 /* HomeViewController.swift */,
				259C1D441E03529C003067A6 /* VehiculoDetallesViewController.swift */,
				25CD00B11E00BC3C0099D2A9 /* PerfilViewController.swift */,
				25079A401DE7BD490015CD83 /* CollapsibleTableViewHeader.swift */,
				25079A411DE7BD490015CD83 /* Extensions.swift */,
				258161D41E01C6AC00E3078E /* TareasViewController.swift */,
				258161D61E01D01C00E3078E /* TareasCollectionViewCell.swift */,
			);
			name = Privada;
			sourceTree = "<group>";
		};
		25CD00B41E00BC750099D2A9 /* Publica */ = {
			isa = PBXGroup;
			children = (
				25F4DF4C1DAE9A89004C5201 /* MapaViewController.swift */,
				258F50C11DB035B700236CBE /* ReportarViewController.swift */,
				258F50BF1DAFFE9000236CBE /* DireccionViewController.swift */,
				25F4DF781DAEA7D0004C5201 /* ClimaViewController.swift */,
				25AF1C771DB1AA79008E3D46 /* HorasYahooCollectionViewCell.swift */,
				25AF1C791DB1AA88008E3D46 /* DiasYahooCollectionViewCell.swift */,
				25F4DF7A1DAEA7DD004C5201 /* CalidadViewController.swift */,
				25C185FD1DAEF944002E94F7 /* TwitterViewController.swift */,
				259E30A21DDB7AC10091557A /* TwitterTableViewCell.swift */,
				25C185FF1DAEF954002E94F7 /* AlertasViewController.swift */,
				259E30A51DDB8B3C0091557A /* AlertasTableViewCell.swift */,
				25C186011DAEF96C002E94F7 /* ConfiguracionViewController.swift */,
				258F50C31DB039A000236CBE /* CheckBox.swift */,
			);
			name = Publica;
			sourceTree = "<group>";
		};
		25F4DF3E1DAE9A88004C5201 = {
			isa = PBXGroup;
			children = (
				252E197A1E0B03AD00FA2277 /* Podfile */,
				258CADD01DB83120000A4392 /* canarioGPS.gpx */,
				25F4DF491DAE9A89004C5201 /* Muves */,
				25F4DF5E1DAE9A89004C5201 /* MuvesTests */,
				25F4DF691DAE9A89004C5201 /* MuvesUITests */,
				25F4DF481DAE9A89004C5201 /* Products */,
				6ADC0F7C69F41AEF08D73F34 /* Pods */,
				094076056AFB2851E78FF38D /* Frameworks */,
			);
			sourceTree = "<group>";
		};
		25F4DF481DAE9A89004C5201 /* Products */ = {
			isa = PBXGroup;
			children = (
				25F4DF471DAE9A89004C5201 /* Muves.app */,
				25F4DF5B1DAE9A89004C5201 /* MuvesTests.xctest */,
				25F4DF661DAE9A89004C5201 /* MuvesUITests.xctest */,
			);
			name = Products;
			sourceTree = "<group>";
		};
		25F4DF491DAE9A89004C5201 /* Muves */ = {
			isa = PBXGroup;
			children = (
				25F4DF4A1DAE9A89004C5201 /* AppDelegate.swift */,
				25CD00B41E00BC750099D2A9 /* Publica */,
				25CD00B31E00BC430099D2A9 /* Privada */,
				2554DBBB1DB7E645006C89B8 /* SwiftyJSON.swift */,
				25F4DF4E1DAE9A89004C5201 /* Main.storyboard */,
				25F4DF511DAE9A89004C5201 /* Assets.xcassets */,
				25F4DF531DAE9A89004C5201 /* LaunchScreen.storyboard */,
				25F4DF561DAE9A89004C5201 /* Info.plist */,
				25C185ED1DAEF109002E94F7 /* Chivo-Black.otf */,
				25C185EE1DAEF109002E94F7 /* Chivo-BlackItalic.otf */,
				25C185EF1DAEF109002E94F7 /* Chivo-Bold.otf */,
				25C185F01DAEF109002E94F7 /* Chivo-BoldItalic.otf */,
				25C185F11DAEF109002E94F7 /* Chivo-Italic.otf */,
				25C185F21DAEF109002E94F7 /* Chivo-Light.otf */,
				25C185F31DAEF109002E94F7 /* Chivo-LightItalic.otf */,
				25C185F41DAEF109002E94F7 /* Chivo-Regular.ttf */,
				251A64A51DB91ECC0083427F /* Crashlytics.framework */,
				25A174C61DB9196D00E34A50 /* Fabric.framework */,
				25A174C71DB9196D00E34A50 /* TwitterKit.framework */,
				25A174C81DB9196D00E34A50 /* TwitterKitResources.bundle */,
				25A174C91DB9196D00E34A50 /* TwitterCore.framework */,
			);
			path = Muves;
			sourceTree = "<group>";
		};
		25F4DF5E1DAE9A89004C5201 /* MuvesTests */ = {
			isa = PBXGroup;
			children = (
				25F4DF5F1DAE9A89004C5201 /* MuvesTests.swift */,
				25F4DF611DAE9A89004C5201 /* Info.plist */,
			);
			path = MuvesTests;
			sourceTree = "<group>";
		};
		25F4DF691DAE9A89004C5201 /* MuvesUITests */ = {
			isa = PBXGroup;
			children = (
				25F4DF6A1DAE9A89004C5201 /* MuvesUITests.swift */,
				25F4DF6C1DAE9A89004C5201 /* Info.plist */,
			);
			path = MuvesUITests;
			sourceTree = "<group>";
		};
		6ADC0F7C69F41AEF08D73F34 /* Pods */ = {
			isa = PBXGroup;
			children = (
				AEBB549308F16B8015319A7B /* Pods-Muves.debug.xcconfig */,
				A252DD3027FBA135E676EAD1 /* Pods-Muves.release.xcconfig */,
			);
			name = Pods;
			sourceTree = "<group>";
		};
/* End PBXGroup section */

/* Begin PBXNativeTarget section */
		25F4DF461DAE9A88004C5201 /* Muves */ = {
			isa = PBXNativeTarget;
			buildConfigurationList = 25F4DF6F1DAE9A89004C5201 /* Build configuration list for PBXNativeTarget "Muves" */;
			buildPhases = (
				1CF258F8705C0FCD110A2E5A /* [CP] Check Pods Manifest.lock */,
				25F4DF431DAE9A88004C5201 /* Sources */,
				25F4DF441DAE9A88004C5201 /* Frameworks */,
				25F4DF451DAE9A88004C5201 /* Resources */,
				251A64A41DB91C2F0083427F /* ShellScript */,
				BB83AF66D4A76BCBC0DEDD4A /* [CP] Embed Pods Frameworks */,
				F185910283A2980245A49011 /* [CP] Copy Pods Resources */,
			);
			buildRules = (
			);
			dependencies = (
			);
			name = Muves;
			productName = Muves;
			productReference = 25F4DF471DAE9A89004C5201 /* Muves.app */;
			productType = "com.apple.product-type.application";
		};
		25F4DF5A1DAE9A89004C5201 /* MuvesTests */ = {
			isa = PBXNativeTarget;
			buildConfigurationList = 25F4DF721DAE9A89004C5201 /* Build configuration list for PBXNativeTarget "MuvesTests" */;
			buildPhases = (
				25F4DF571DAE9A89004C5201 /* Sources */,
				25F4DF581DAE9A89004C5201 /* Frameworks */,
				25F4DF591DAE9A89004C5201 /* Resources */,
			);
			buildRules = (
			);
			dependencies = (
				25F4DF5D1DAE9A89004C5201 /* PBXTargetDependency */,
			);
			name = MuvesTests;
			productName = MuvesTests;
			productReference = 25F4DF5B1DAE9A89004C5201 /* MuvesTests.xctest */;
			productType = "com.apple.product-type.bundle.unit-test";
		};
		25F4DF651DAE9A89004C5201 /* MuvesUITests */ = {
			isa = PBXNativeTarget;
			buildConfigurationList = 25F4DF751DAE9A89004C5201 /* Build configuration list for PBXNativeTarget "MuvesUITests" */;
			buildPhases = (
				25F4DF621DAE9A89004C5201 /* Sources */,
				25F4DF631DAE9A89004C5201 /* Frameworks */,
				25F4DF641DAE9A89004C5201 /* Resources */,
			);
			buildRules = (
			);
			dependencies = (
				25F4DF681DAE9A89004C5201 /* PBXTargetDependency */,
			);
			name = MuvesUITests;
			productName = MuvesUITests;
			productReference = 25F4DF661DAE9A89004C5201 /* MuvesUITests.xctest */;
			productType = "com.apple.product-type.bundle.ui-testing";
		};
/* End PBXNativeTarget section */

/* Begin PBXProject section */
		25F4DF3F1DAE9A88004C5201 /* Project object */ = {
			isa = PBXProject;
			attributes = {
				LastSwiftUpdateCheck = 0800;
				LastUpgradeCheck = 0820;
				ORGANIZATIONNAME = "Ramses Miramontes Meza";
				TargetAttributes = {
					25F4DF461DAE9A88004C5201 = {
						CreatedOnToolsVersion = 8.0;
						DevelopmentTeam = 6VKPMZ9YA7;
						ProvisioningStyle = Automatic;
					};
					25F4DF5A1DAE9A89004C5201 = {
						CreatedOnToolsVersion = 8.0;
						ProvisioningStyle = Automatic;
						TestTargetID = 25F4DF461DAE9A88004C5201;
					};
					25F4DF651DAE9A89004C5201 = {
						CreatedOnToolsVersion = 8.0;
						ProvisioningStyle = Automatic;
						TestTargetID = 25F4DF461DAE9A88004C5201;
					};
				};
			};
			buildConfigurationList = 25F4DF421DAE9A88004C5201 /* Build configuration list for PBXProject "Muves" */;
			compatibilityVersion = "Xcode 3.2";
			developmentRegion = English;
			hasScannedForEncodings = 0;
			knownRegions = (
				en,
				Base,
			);
			mainGroup = 25F4DF3E1DAE9A88004C5201;
			productRefGroup = 25F4DF481DAE9A89004C5201 /* Products */;
			projectDirPath = "";
			projectRoot = "";
			targets = (
				25F4DF461DAE9A88004C5201 /* Muves */,
				25F4DF5A1DAE9A89004C5201 /* MuvesTests */,
				25F4DF651DAE9A89004C5201 /* MuvesUITests */,
			);
		};
/* End PBXProject section */

/* Begin PBXResourcesBuildPhase section */
		25F4DF451DAE9A88004C5201 /* Resources */ = {
			isa = PBXResourcesBuildPhase;
			buildActionMask = 2147483647;
			files = (
				25C185F51DAEF12F002E94F7 /* Chivo-Black.otf in Resources */,
				25C185F61DAEF12F002E94F7 /* Chivo-BlackItalic.otf in Resources */,
				25A174CC1DB9196D00E34A50 /* TwitterKitResources.bundle in Resources */,
				258CADD11DB83120000A4392 /* canarioGPS.gpx in Resources */,
				25C185F71DAEF12F002E94F7 /* Chivo-Bold.otf in Resources */,
				25C185F81DAEF12F002E94F7 /* Chivo-BoldItalic.otf in Resources */,
				25C185F91DAEF12F002E94F7 /* Chivo-Italic.otf in Resources */,
				25C185FA1DAEF12F002E94F7 /* Chivo-Light.otf in Resources */,
				25C185FB1DAEF12F002E94F7 /* Chivo-LightItalic.otf in Resources */,
				25C185FC1DAEF12F002E94F7 /* Chivo-Regular.ttf in Resources */,
				25F4DF551DAE9A89004C5201 /* LaunchScreen.storyboard in Resources */,
				25F4DF521DAE9A89004C5201 /* Assets.xcassets in Resources */,
				252E197B1E0B03AD00FA2277 /* Podfile in Resources */,
				25F4DF501DAE9A89004C5201 /* Main.storyboard in Resources */,
			);
			runOnlyForDeploymentPostprocessing = 0;
		};
		25F4DF591DAE9A89004C5201 /* Resources */ = {
			isa = PBXResourcesBuildPhase;
			buildActionMask = 2147483647;
			files = (
			);
			runOnlyForDeploymentPostprocessing = 0;
		};
		25F4DF641DAE9A89004C5201 /* Resources */ = {
			isa = PBXResourcesBuildPhase;
			buildActionMask = 2147483647;
			files = (
			);
			runOnlyForDeploymentPostprocessing = 0;
		};
/* End PBXResourcesBuildPhase section */

/* Begin PBXShellScriptBuildPhase section */
		1CF258F8705C0FCD110A2E5A /* [CP] Check Pods Manifest.lock */ = {
			isa = PBXShellScriptBuildPhase;
			buildActionMask = 2147483647;
			files = (
			);
			inputPaths = (
			);
			name = "[CP] Check Pods Manifest.lock";
			outputPaths = (
			);
			runOnlyForDeploymentPostprocessing = 0;
			shellPath = /bin/sh;
			shellScript = "diff \"${PODS_ROOT}/../Podfile.lock\" \"${PODS_ROOT}/Manifest.lock\" > /dev/null\nif [ $? != 0 ] ; then\n    # print error to STDERR\n    echo \"error: The sandbox is not in sync with the Podfile.lock. Run 'pod install' or update your CocoaPods installation.\" >&2\n    exit 1\nfi\n";
			showEnvVarsInLog = 0;
		};
		251A64A41DB91C2F0083427F /* ShellScript */ = {
			isa = PBXShellScriptBuildPhase;
			buildActionMask = 2147483647;
			files = (
			);
			inputPaths = (
			);
			outputPaths = (
			);
			runOnlyForDeploymentPostprocessing = 0;
			shellPath = /bin/sh;
			shellScript = "./Fabric.framework/run 601bfc64f698e5cffc4696db8735febd3b51e9ad c5a943407ce309fb8b27e486f00852bace1bb87365292905f4dc3e51a52fb060";
		};
		BB83AF66D4A76BCBC0DEDD4A /* [CP] Embed Pods Frameworks */ = {
			isa = PBXShellScriptBuildPhase;
			buildActionMask = 2147483647;
			files = (
			);
			inputPaths = (
			);
			name = "[CP] Embed Pods Frameworks";
			outputPaths = (
			);
			runOnlyForDeploymentPostprocessing = 0;
			shellPath = /bin/sh;
			shellScript = "\"${SRCROOT}/Pods/Target Support Files/Pods-Muves/Pods-Muves-frameworks.sh\"\n";
			showEnvVarsInLog = 0;
		};
		F185910283A2980245A49011 /* [CP] Copy Pods Resources */ = {
			isa = PBXShellScriptBuildPhase;
			buildActionMask = 2147483647;
			files = (
			);
			inputPaths = (
			);
			name = "[CP] Copy Pods Resources";
			outputPaths = (
			);
			runOnlyForDeploymentPostprocessing = 0;
			shellPath = /bin/sh;
			shellScript = "\"${SRCROOT}/Pods/Target Support Files/Pods-Muves/Pods-Muves-resources.sh\"\n";
			showEnvVarsInLog = 0;
		};
/* End PBXShellScriptBuildPhase section */

/* Begin PBXSourcesBuildPhase section */
		25F4DF431DAE9A88004C5201 /* Sources */ = {
			isa = PBXSourcesBuildPhase;
			buildActionMask = 2147483647;
			files = (
				258161D71E01D01C00E3078E /* TareasCollectionViewCell.swift in Sources */,
				25AF1C7A1DB1AA88008E3D46 /* DiasYahooCollectionViewCell.swift in Sources */,
				25079A431DE7BD490015CD83 /* Extensions.swift in Sources */,
				259E30A31DDB7AC10091557A /* TwitterTableViewCell.swift in Sources */,
				25F4DF4D1DAE9A89004C5201 /* MapaViewController.swift in Sources */,
				25AF1C781DB1AA79008E3D46 /* HorasYahooCollectionViewCell.swift in Sources */,
				25079A3F1DE7BC310015CD83 /* HomeViewController.swift in Sources */,
				25F4DF4B1DAE9A89004C5201 /* AppDelegate.swift in Sources */,
				25CD00B21E00BC3C0099D2A9 /* PerfilViewController.swift in Sources */,
				258161D51E01C6AC00E3078E /* TareasViewController.swift in Sources */,
				258F50C21DB035B700236CBE /* ReportarViewController.swift in Sources */,
				259C1D451E03529C003067A6 /* VehiculoDetallesViewController.swift in Sources */,
				25C186021DAEF96C002E94F7 /* ConfiguracionViewController.swift in Sources */,
				258F50C41DB039A000236CBE /* CheckBox.swift in Sources */,
				25079A421DE7BD490015CD83 /* CollapsibleTableViewHeader.swift in Sources */,
				259E30A61DDB8B3C0091557A /* AlertasTableViewCell.swift in Sources */,
				25C185FE1DAEF944002E94F7 /* TwitterViewController.swift in Sources */,
				25F4DF7B1DAEA7DD004C5201 /* CalidadViewController.swift in Sources */,
				258F50C01DAFFE9000236CBE /* DireccionViewController.swift in Sources */,
				25F4DF791DAEA7D0004C5201 /* ClimaViewController.swift in Sources */,
				2554DBBC1DB7E645006C89B8 /* SwiftyJSON.swift in Sources */,
				25C186001DAEF954002E94F7 /* AlertasViewController.swift in Sources */,
			);
			runOnlyForDeploymentPostprocessing = 0;
		};
		25F4DF571DAE9A89004C5201 /* Sources */ = {
			isa = PBXSourcesBuildPhase;
			buildActionMask = 2147483647;
			files = (
				25F4DF601DAE9A89004C5201 /* MuvesTests.swift in Sources */,
			);
			runOnlyForDeploymentPostprocessing = 0;
		};
		25F4DF621DAE9A89004C5201 /* Sources */ = {
			isa = PBXSourcesBuildPhase;
			buildActionMask = 2147483647;
			files = (
				25F4DF6B1DAE9A89004C5201 /* MuvesUITests.swift in Sources */,
			);
			runOnlyForDeploymentPostprocessing = 0;
		};
/* End PBXSourcesBuildPhase section */

/* Begin PBXTargetDependency section */
		25F4DF5D1DAE9A89004C5201 /* PBXTargetDependency */ = {
			isa = PBXTargetDependency;
			target = 25F4DF461DAE9A88004C5201 /* Muves */;
			targetProxy = 25F4DF5C1DAE9A89004C5201 /* PBXContainerItemProxy */;
		};
		25F4DF681DAE9A89004C5201 /* PBXTargetDependency */ = {
			isa = PBXTargetDependency;
			target = 25F4DF461DAE9A88004C5201 /* Muves */;
			targetProxy = 25F4DF671DAE9A89004C5201 /* PBXContainerItemProxy */;
		};
/* End PBXTargetDependency section */

/* Begin PBXVariantGroup section */
		25F4DF4E1DAE9A89004C5201 /* Main.storyboard */ = {
			isa = PBXVariantGroup;
			children = (
				25F4DF4F1DAE9A89004C5201 /* Base */,
			);
			name = Main.storyboard;
			sourceTree = "<group>";
		};
		25F4DF531DAE9A89004C5201 /* LaunchScreen.storyboard */ = {
			isa = PBXVariantGroup;
			children = (
				25F4DF541DAE9A89004C5201 /* Base */,
			);
			name = LaunchScreen.storyboard;
			sourceTree = "<group>";
		};
/* End PBXVariantGroup section */

/* Begin XCBuildConfiguration section */
		25F4DF6D1DAE9A89004C5201 /* Debug */ = {
			isa = XCBuildConfiguration;
			buildSettings = {
				ALWAYS_SEARCH_USER_PATHS = NO;
				CLANG_ANALYZER_NONNULL = YES;
				CLANG_CXX_LANGUAGE_STANDARD = "gnu++0x";
				CLANG_CXX_LIBRARY = "libc++";
				CLANG_ENABLE_MODULES = YES;
				CLANG_ENABLE_OBJC_ARC = YES;
				CLANG_WARN_BOOL_CONVERSION = YES;
				CLANG_WARN_CONSTANT_CONVERSION = YES;
				CLANG_WARN_DIRECT_OBJC_ISA_USAGE = YES_ERROR;
				CLANG_WARN_DOCUMENTATION_COMMENTS = YES;
				CLANG_WARN_EMPTY_BODY = YES;
				CLANG_WARN_ENUM_CONVERSION = YES;
				CLANG_WARN_INFINITE_RECURSION = YES;
				CLANG_WARN_INT_CONVERSION = YES;
				CLANG_WARN_OBJC_ROOT_CLASS = YES_ERROR;
				CLANG_WARN_SUSPICIOUS_MOVE = YES;
				CLANG_WARN_SUSPICIOUS_MOVES = YES;
				CLANG_WARN_UNREACHABLE_CODE = YES;
				CLANG_WARN__DUPLICATE_METHOD_MATCH = YES;
				"CODE_SIGN_IDENTITY[sdk=iphoneos*]" = "iPhone Developer";
				COPY_PHASE_STRIP = NO;
				DEBUG_INFORMATION_FORMAT = dwarf;
				ENABLE_STRICT_OBJC_MSGSEND = YES;
				ENABLE_TESTABILITY = YES;
				GCC_C_LANGUAGE_STANDARD = gnu99;
				GCC_DYNAMIC_NO_PIC = NO;
				GCC_NO_COMMON_BLOCKS = YES;
				GCC_OPTIMIZATION_LEVEL = 0;
				GCC_PREPROCESSOR_DEFINITIONS = (
					"DEBUG=1",
					"$(inherited)",
				);
				GCC_WARN_64_TO_32_BIT_CONVERSION = YES;
				GCC_WARN_ABOUT_RETURN_TYPE = YES_ERROR;
				GCC_WARN_UNDECLARED_SELECTOR = YES;
				GCC_WARN_UNINITIALIZED_AUTOS = YES_AGGRESSIVE;
				GCC_WARN_UNUSED_FUNCTION = YES;
				GCC_WARN_UNUSED_VARIABLE = YES;
				IPHONEOS_DEPLOYMENT_TARGET = 10.0;
				MTL_ENABLE_DEBUG_INFO = YES;
				ONLY_ACTIVE_ARCH = YES;
				SDKROOT = iphoneos;
				SWIFT_ACTIVE_COMPILATION_CONDITIONS = DEBUG;
				SWIFT_OPTIMIZATION_LEVEL = "-Onone";
			};
			name = Debug;
		};
		25F4DF6E1DAE9A89004C5201 /* Release */ = {
			isa = XCBuildConfiguration;
			buildSettings = {
				ALWAYS_SEARCH_USER_PATHS = NO;
				CLANG_ANALYZER_NONNULL = YES;
				CLANG_CXX_LANGUAGE_STANDARD = "gnu++0x";
				CLANG_CXX_LIBRARY = "libc++";
				CLANG_ENABLE_MODULES = YES;
				CLANG_ENABLE_OBJC_ARC = YES;
				CLANG_WARN_BOOL_CONVERSION = YES;
				CLANG_WARN_CONSTANT_CONVERSION = YES;
				CLANG_WARN_DIRECT_OBJC_ISA_USAGE = YES_ERROR;
				CLANG_WARN_DOCUMENTATION_COMMENTS = YES;
				CLANG_WARN_EMPTY_BODY = YES;
				CLANG_WARN_ENUM_CONVERSION = YES;
				CLANG_WARN_INFINITE_RECURSION = YES;
				CLANG_WARN_INT_CONVERSION = YES;
				CLANG_WARN_OBJC_ROOT_CLASS = YES_ERROR;
				CLANG_WARN_SUSPICIOUS_MOVE = YES;
				CLANG_WARN_SUSPICIOUS_MOVES = YES;
				CLANG_WARN_UNREACHABLE_CODE = YES;
				CLANG_WARN__DUPLICATE_METHOD_MATCH = YES;
				"CODE_SIGN_IDENTITY[sdk=iphoneos*]" = "iPhone Developer";
				COPY_PHASE_STRIP = NO;
				DEBUG_INFORMATION_FORMAT = "dwarf-with-dsym";
				ENABLE_NS_ASSERTIONS = NO;
				ENABLE_STRICT_OBJC_MSGSEND = YES;
				GCC_C_LANGUAGE_STANDARD = gnu99;
				GCC_NO_COMMON_BLOCKS = YES;
				GCC_WARN_64_TO_32_BIT_CONVERSION = YES;
				GCC_WARN_ABOUT_RETURN_TYPE = YES_ERROR;
				GCC_WARN_UNDECLARED_SELECTOR = YES;
				GCC_WARN_UNINITIALIZED_AUTOS = YES_AGGRESSIVE;
				GCC_WARN_UNUSED_FUNCTION = YES;
				GCC_WARN_UNUSED_VARIABLE = YES;
				IPHONEOS_DEPLOYMENT_TARGET = 10.0;
				MTL_ENABLE_DEBUG_INFO = NO;
				SDKROOT = iphoneos;
				SWIFT_OPTIMIZATION_LEVEL = "-Owholemodule";
				VALIDATE_PRODUCT = YES;
			};
			name = Release;
		};
		25F4DF701DAE9A89004C5201 /* Debug */ = {
			isa = XCBuildConfiguration;
			baseConfigurationReference = AEBB549308F16B8015319A7B /* Pods-Muves.debug.xcconfig */;
			buildSettings = {
				ALWAYS_EMBED_SWIFT_STANDARD_LIBRARIES = YES;
				ASSETCATALOG_COMPILER_APPICON_NAME = AppIcon;
				DEVELOPMENT_TEAM = 6VKPMZ9YA7;
				FRAMEWORK_SEARCH_PATHS = (
					"$(inherited)",
					"$(PROJECT_DIR)/Muves",
					"$(PROJECT_DIR)",
				);
				INFOPLIST_FILE = Muves/Info.plist;
				LD_RUNPATH_SEARCH_PATHS = "$(inherited) @executable_path/Frameworks";
				PRODUCT_BUNDLE_IDENTIFIER = com.rasoft.Muves;
				PRODUCT_NAME = "$(TARGET_NAME)";
				SWIFT_VERSION = 3.0;
			};
			name = Debug;
		};
		25F4DF711DAE9A89004C5201 /* Release */ = {
			isa = XCBuildConfiguration;
			baseConfigurationReference = A252DD3027FBA135E676EAD1 /* Pods-Muves.release.xcconfig */;
			buildSettings = {
				ALWAYS_EMBED_SWIFT_STANDARD_LIBRARIES = YES;
				ASSETCATALOG_COMPILER_APPICON_NAME = AppIcon;
				DEVELOPMENT_TEAM = 6VKPMZ9YA7;
				FRAMEWORK_SEARCH_PATHS = (
					"$(inherited)",
					"$(PROJECT_DIR)/Muves",
					"$(PROJECT_DIR)",
				);
				INFOPLIST_FILE = Muves/Info.plist;
				LD_RUNPATH_SEARCH_PATHS = "$(inherited) @executable_path/Frameworks";
				PRODUCT_BUNDLE_IDENTIFIER = com.rasoft.Muves;
				PRODUCT_NAME = "$(TARGET_NAME)";
				SWIFT_VERSION = 3.0;
			};
			name = Release;
		};
		25F4DF731DAE9A89004C5201 /* Debug */ = {
			isa = XCBuildConfiguration;
			baseConfigurationReference = AEBB549308F16B8015319A7B /* Pods-Muves.debug.xcconfig */;
			buildSettings = {
				ALWAYS_EMBED_SWIFT_STANDARD_LIBRARIES = YES;
				BUNDLE_LOADER = "$(TEST_HOST)";
				INFOPLIST_FILE = MuvesTests/Info.plist;
				LD_RUNPATH_SEARCH_PATHS = "$(inherited) @executable_path/Frameworks @loader_path/Frameworks";
				PRODUCT_BUNDLE_IDENTIFIER = com.rasoft.MuvesTests;
				PRODUCT_NAME = "$(TARGET_NAME)";
				SWIFT_VERSION = 3.0;
				TEST_HOST = "$(BUILT_PRODUCTS_DIR)/Muves.app/Muves";
			};
			name = Debug;
		};
		25F4DF741DAE9A89004C5201 /* Release */ = {
			isa = XCBuildConfiguration;
			baseConfigurationReference = A252DD3027FBA135E676EAD1 /* Pods-Muves.release.xcconfig */;
			buildSettings = {
				ALWAYS_EMBED_SWIFT_STANDARD_LIBRARIES = YES;
				BUNDLE_LOADER = "$(TEST_HOST)";
				INFOPLIST_FILE = MuvesTests/Info.plist;
				LD_RUNPATH_SEARCH_PATHS = "$(inherited) @executable_path/Frameworks @loader_path/Frameworks";
				PRODUCT_BUNDLE_IDENTIFIER = com.rasoft.MuvesTests;
				PRODUCT_NAME = "$(TARGET_NAME)";
				SWIFT_VERSION = 3.0;
				TEST_HOST = "$(BUILT_PRODUCTS_DIR)/Muves.app/Muves";
			};
			name = Release;
		};
		25F4DF761DAE9A89004C5201 /* Debug */ = {
			isa = XCBuildConfiguration;
			baseConfigurationReference = AEBB549308F16B8015319A7B /* Pods-Muves.debug.xcconfig */;
			buildSettings = {
				ALWAYS_EMBED_SWIFT_STANDARD_LIBRARIES = YES;
				INFOPLIST_FILE = MuvesUITests/Info.plist;
				LD_RUNPATH_SEARCH_PATHS = "$(inherited) @executable_path/Frameworks @loader_path/Frameworks";
				PRODUCT_BUNDLE_IDENTIFIER = com.rasoft.MuvesUITests;
				PRODUCT_NAME = "$(TARGET_NAME)";
				SWIFT_VERSION = 3.0;
				TEST_TARGET_NAME = Muves;
			};
			name = Debug;
		};
		25F4DF771DAE9A89004C5201 /* Release */ = {
			isa = XCBuildConfiguration;
			baseConfigurationReference = A252DD3027FBA135E676EAD1 /* Pods-Muves.release.xcconfig */;
			buildSettings = {
				ALWAYS_EMBED_SWIFT_STANDARD_LIBRARIES = YES;
				INFOPLIST_FILE = MuvesUITests/Info.plist;
				LD_RUNPATH_SEARCH_PATHS = "$(inherited) @executable_path/Frameworks @loader_path/Frameworks";
				PRODUCT_BUNDLE_IDENTIFIER = com.rasoft.MuvesUITests;
				PRODUCT_NAME = "$(TARGET_NAME)";
				SWIFT_VERSION = 3.0;
				TEST_TARGET_NAME = Muves;
			};
			name = Release;
		};
/* End XCBuildConfiguration section */

/* Begin XCConfigurationList section */
		25F4DF421DAE9A88004C5201 /* Build configuration list for PBXProject "Muves" */ = {
			isa = XCConfigurationList;
			buildConfigurations = (
				25F4DF6D1DAE9A89004C5201 /* Debug */,
				25F4DF6E1DAE9A89004C5201 /* Release */,
			);
			defaultConfigurationIsVisible = 0;
			defaultConfigurationName = Release;
		};
		25F4DF6F1DAE9A89004C5201 /* Build configuration list for PBXNativeTarget "Muves" */ = {
			isa = XCConfigurationList;
			buildConfigurations = (
				25F4DF701DAE9A89004C5201 /* Debug */,
				25F4DF711DAE9A89004C5201 /* Release */,
			);
			defaultConfigurationIsVisible = 0;
			defaultConfigurationName = Release;
		};
		25F4DF721DAE9A89004C5201 /* Build configuration list for PBXNativeTarget "MuvesTests" */ = {
			isa = XCConfigurationList;
			buildConfigurations = (
				25F4DF731DAE9A89004C5201 /* Debug */,
				25F4DF741DAE9A89004C5201 /* Release */,
			);
			defaultConfigurationIsVisible = 0;
			defaultConfigurationName = Release;
		};
		25F4DF751DAE9A89004C5201 /* Build configuration list for PBXNativeTarget "MuvesUITests" */ = {
			isa = XCConfigurationList;
			buildConfigurations = (
				25F4DF761DAE9A89004C5201 /* Debug */,
				25F4DF771DAE9A89004C5201 /* Release */,
			);
			defaultConfigurationIsVisible = 0;
			defaultConfigurationName = Release;
		};
/* End XCConfigurationList section */
	};
	rootObject = 25F4DF3F1DAE9A88004C5201 /* Project object */;
}
